
Microsoft Visual Studio Solution File, Format Version 12.00
# Visual Studio Version 17
VisualStudioVersion = 17.4.33403.182
MinimumVisualStudioVersion = 10.0.40219.1
Project("{FAE04EC0-301F-11D3-BF4B-00C04F79EFBC}") = "WebApplication1", "WebApplication1\WebApplication1.csproj", "{7B317EC9-B9E2-4299-94F4-1DE8B99DF1D5}"
EndProject
Global
	GlobalSection(SolutionConfigurationPlatforms) = preSolution
		Debug|Any CPU = Debug|Any CPU
		Release|Any CPU = Release|Any CPU
	EndGlobalSection
	GlobalSection(ProjectConfigurationPlatforms) = postSolution
		{7B317EC9-B9E2-4299-94F4-1DE8B99DF1D5}.Debug|Any CPU.ActiveCfg = Debug|Any CPU
		{7B317EC9-B9E2-4299-94F4-1DE8B99DF1D5}.Debug|Any CPU.Build.0 = Debug|Any CPU
		{7B317EC9-B9E2-4299-94F4-1DE8B99DF1D5}.Release|Any CPU.ActiveCfg = Release|Any CPU
		{7B317EC9-B9E2-4299-94F4-1DE8B99DF1D5}.Release|Any CPU.Build.0 = Release|Any CPU
	EndGlobalSection
	GlobalSection(SolutionProperties) = preSolution
		HideSolutionNode = FALSE
	EndGlobalSection
	GlobalSection(ExtensibilityGlobals) = postSolution
		SolutionGuid = {445DDD8A-ED63-4824-A835-5606843F29AF}
	EndGlobalSection
EndGlobal
